// !$*UTF8*$!
{
	archiveVersion = 1;
	classes = {
	};
	objectVersion = 46;
	objects = {

/* Begin PBXBuildFile section */
		3BC3DD141C813F5700B539F4 /* main.m in Sources */ = {isa = PBXBuildFile; fileRef = 3BC3DD131C813F5700B539F4 /* main.m */; };
		3BC3DD171C813F5700B539F4 /* AppDelegate.m in Sources */ = {isa = PBXBuildFile; fileRef = 3BC3DD161C813F5700B539F4 /* AppDelegate.m */; };
		3BC3DD1A1C813F5700B539F4 /* ViewController.m in Sources */ = {isa = PBXBuildFile; fileRef = 3BC3DD191C813F5700B539F4 /* ViewController.m */; };
		3BC3DD1D1C813F5700B539F4 /* Main.storyboard in Resources */ = {isa = PBXBuildFile; fileRef = 3BC3DD1B1C813F5700B539F4 /* Main.storyboard */; };
		3BC3DD1F1C813F5700B539F4 /* Assets.xcassets in Resources */ = {isa = PBXBuildFile; fileRef = 3BC3DD1E1C813F5700B539F4 /* Assets.xcassets */; };
		3BC3DD221C813F5700B539F4 /* LaunchScreen.storyboard in Resources */ = {isa = PBXBuildFile; fileRef = 3BC3DD201C813F5700B539F4 /* LaunchScreen.storyboard */; };
		3BC3DD2D1C813F5700B539F4 /* rnnfmdbdemoTests.m in Sources */ = {isa = PBXBuildFile; fileRef = 3BC3DD2C1C813F5700B539F4 /* rnnfmdbdemoTests.m */; };
		3BC3DD381C813F5800B539F4 /* rnnfmdbdemoUITests.m in Sources */ = {isa = PBXBuildFile; fileRef = 3BC3DD371C813F5800B539F4 /* rnnfmdbdemoUITests.m */; };
		3BC3DD581C813FF900B539F4 /* FMDatabase.m in Sources */ = {isa = PBXBuildFile; fileRef = 3BC3DD471C813FF900B539F4 /* FMDatabase.m */; };
		3BC3DD591C813FF900B539F4 /* FMDatabaseAdditions.m in Sources */ = {isa = PBXBuildFile; fileRef = 3BC3DD491C813FF900B539F4 /* FMDatabaseAdditions.m */; };
		3BC3DD5A1C813FF900B539F4 /* FMDatabasePool.m in Sources */ = {isa = PBXBuildFile; fileRef = 3BC3DD4B1C813FF900B539F4 /* FMDatabasePool.m */; };
		3BC3DD5B1C813FF900B539F4 /* FMDatabaseQueue.m in Sources */ = {isa = PBXBuildFile; fileRef = 3BC3DD4D1C813FF900B539F4 /* FMDatabaseQueue.m */; };
		3BC3DD5C1C813FF900B539F4 /* FMResultSet.m in Sources */ = {isa = PBXBuildFile; fileRef = 3BC3DD501C813FF900B539F4 /* FMResultSet.m */; };
		3BC3DD5D1C813FF900B539F4 /* RNNFMDB.m in Sources */ = {isa = PBXBuildFile; fileRef = 3BC3DD531C813FF900B539F4 /* RNNFMDB.m */; };
		3BC3DD5E1C813FF900B539F4 /* RNNStructure.m in Sources */ = {isa = PBXBuildFile; fileRef = 3BC3DD551C813FF900B539F4 /* RNNStructure.m */; };
		3BC3DD5F1C813FF900B539F4 /* RNNTable.m in Sources */ = {isa = PBXBuildFile; fileRef = 3BC3DD571C813FF900B539F4 /* RNNTable.m */; };
		3BC3DD641C81410600B539F4 /* CarTable.m in Sources */ = {isa = PBXBuildFile; fileRef = 3BC3DD631C81410600B539F4 /* CarTable.m */; };
		3BC3DD661C8144B500B539F4 /* libsqlite3.0.tbd in Frameworks */ = {isa = PBXBuildFile; fileRef = 3BC3DD651C8144B500B539F4 /* libsqlite3.0.tbd */; };
		3BC3DD6A1C81453E00B539F4 /* README_TW.md in Sources */ = {isa = PBXBuildFile; fileRef = 3BC3DD671C81453E00B539F4 /* README_TW.md */; };
		3BC3DD6B1C81453E00B539F4 /* README_ZH.md in Sources */ = {isa = PBXBuildFile; fileRef = 3BC3DD681C81453E00B539F4 /* README_ZH.md */; };
		3BC3DD6C1C81453E00B539F4 /* README.md in Sources */ = {isa = PBXBuildFile; fileRef = 3BC3DD691C81453E00B539F4 /* README.md */; };
		3BC3DD6E1C8146FD00B539F4 /* RNNFMDB.podspec in Resources */ = {isa = PBXBuildFile; fileRef = 3BC3DD6D1C8146FD00B539F4 /* RNNFMDB.podspec */; };
/* End PBXBuildFile section */

/* Begin PBXContainerItemProxy section */
		3BC3DD291C813F5700B539F4 /* PBXContainerItemProxy */ = {
			isa = PBXContainerItemProxy;
			containerPortal = 3BC3DD071C813F5700B539F4 /* Project object */;
			proxyType = 1;
			remoteGlobalIDString = 3BC3DD0E1C813F5700B539F4;
			remoteInfo = rnnfmdbdemo;
		};
		3BC3DD341C813F5800B539F4 /* PBXContainerItemProxy */ = {
			isa = PBXContainerItemProxy;
			containerPortal = 3BC3DD071C813F5700B539F4 /* Project object */;
			proxyType = 1;
			remoteGlobalIDString = 3BC3DD0E1C813F5700B539F4;
			remoteInfo = rnnfmdbdemo;
		};
/* End PBXContainerItemProxy section */

/* Begin PBXFileReference section */
		3BC3DD0F1C813F5700B539F4 /* rnnfmdbdemo.app */ = {isa = PBXFileReference; explicitFileType = wrapper.application; includeInIndex = 0; path = rnnfmdbdemo.app; sourceTree = BUILT_PRODUCTS_DIR; };
		3BC3DD131C813F5700B539F4 /* main.m */ = {isa = PBXFileReference; lastKnownFileType = sourcecode.c.objc; path = main.m; sourceTree = "<group>"; };
		3BC3DD151C813F5700B539F4 /* AppDelegate.h */ = {isa = PBXFileReference; lastKnownFileType = sourcecode.c.h; path = AppDelegate.h; sourceTree = "<group>"; };
		3BC3DD161C813F5700B539F4 /* AppDelegate.m */ = {isa = PBXFileReference; lastKnownFileType = sourcecode.c.objc; path = AppDelegate.m; sourceTree = "<group>"; };
		3BC3DD181C813F5700B539F4 /* ViewController.h */ = {isa = PBXFileReference; lastKnownFileType = sourcecode.c.h; path = ViewController.h; sourceTree = "<group>"; };
		3BC3DD191C813F5700B539F4 /* ViewController.m */ = {isa = PBXFileReference; lastKnownFileType = sourcecode.c.objc; path = ViewController.m; sourceTree = "<group>"; };
		3BC3DD1C1C813F5700B539F4 /* Base */ = {isa = PBXFileReference; lastKnownFileType = file.storyboard; name = Base; path = Base.lproj/Main.storyboard; sourceTree = "<group>"; };
		3BC3DD1E1C813F5700B539F4 /* Assets.xcassets */ = {isa = PBXFileReference; lastKnownFileType = folder.assetcatalog; path = Assets.xcassets; sourceTree = "<group>"; };
		3BC3DD211C813F5700B539F4 /* Base */ = {isa = PBXFileReference; lastKnownFileType = file.storyboard; name = Base; path = Base.lproj/LaunchScreen.storyboard; sourceTree = "<group>"; };
		3BC3DD231C813F5700B539F4 /* Info.plist */ = {isa = PBXFileReference; lastKnownFileType = text.plist.xml; path = Info.plist; sourceTree = "<group>"; };
		3BC3DD281C813F5700B539F4 /* rnnfmdbdemoTests.xctest */ = {isa = PBXFileReference; explicitFileType = wrapper.cfbundle; includeInIndex = 0; path = rnnfmdbdemoTests.xctest; sourceTree = BUILT_PRODUCTS_DIR; };
		3BC3DD2C1C813F5700B539F4 /* rnnfmdbdemoTests.m */ = {isa = PBXFileReference; lastKnownFileType = sourcecode.c.objc; path = rnnfmdbdemoTests.m; sourceTree = "<group>"; };
		3BC3DD2E1C813F5700B539F4 /* Info.plist */ = {isa = PBXFileReference; lastKnownFileType = text.plist.xml; path = Info.plist; sourceTree = "<group>"; };
		3BC3DD331C813F5800B539F4 /* rnnfmdbdemoUITests.xctest */ = {isa = PBXFileReference; explicitFileType = wrapper.cfbundle; includeInIndex = 0; path = rnnfmdbdemoUITests.xctest; sourceTree = BUILT_PRODUCTS_DIR; };
		3BC3DD371C813F5800B539F4 /* rnnfmdbdemoUITests.m */ = {isa = PBXFileReference; lastKnownFileType = sourcecode.c.objc; path = rnnfmdbdemoUITests.m; sourceTree = "<group>"; };
		3BC3DD391C813F5800B539F4 /* Info.plist */ = {isa = PBXFileReference; lastKnownFileType = text.plist.xml; path = Info.plist; sourceTree = "<group>"; };
		3BC3DD461C813FF900B539F4 /* FMDatabase.h */ = {isa = PBXFileReference; fileEncoding = 4; lastKnownFileType = sourcecode.c.h; path = FMDatabase.h; sourceTree = "<group>"; };
		3BC3DD471C813FF900B539F4 /* FMDatabase.m */ = {isa = PBXFileReference; fileEncoding = 4; lastKnownFileType = sourcecode.c.objc; path = FMDatabase.m; sourceTree = "<group>"; };
		3BC3DD481C813FF900B539F4 /* FMDatabaseAdditions.h */ = {isa = PBXFileReference; fileEncoding = 4; lastKnownFileType = sourcecode.c.h; path = FMDatabaseAdditions.h; sourceTree = "<group>"; };
		3BC3DD491C813FF900B539F4 /* FMDatabaseAdditions.m */ = {isa = PBXFileReference; fileEncoding = 4; lastKnownFileType = sourcecode.c.objc; path = FMDatabaseAdditions.m; sourceTree = "<group>"; };
		3BC3DD4A1C813FF900B539F4 /* FMDatabasePool.h */ = {isa = PBXFileReference; fileEncoding = 4; lastKnownFileType = sourcecode.c.h; path = FMDatabasePool.h; sourceTree = "<group>"; };
		3BC3DD4B1C813FF900B539F4 /* FMDatabasePool.m */ = {isa = PBXFileReference; fileEncoding = 4; lastKnownFileType = sourcecode.c.objc; path = FMDatabasePool.m; sourceTree = "<group>"; };
		3BC3DD4C1C813FF900B539F4 /* FMDatabaseQueue.h */ = {isa = PBXFileReference; fileEncoding = 4; lastKnownFileType = sourcecode.c.h; path = FMDatabaseQueue.h; sourceTree = "<group>"; };
		3BC3DD4D1C813FF900B539F4 /* FMDatabaseQueue.m */ = {isa = PBXFileReference; fileEncoding = 4; lastKnownFileType = sourcecode.c.objc; path = FMDatabaseQueue.m; sourceTree = "<group>"; };
		3BC3DD4E1C813FF900B539F4 /* FMDB.h */ = {isa = PBXFileReference; fileEncoding = 4; lastKnownFileType = sourcecode.c.h; path = FMDB.h; sourceTree = "<group>"; };
		3BC3DD4F1C813FF900B539F4 /* FMResultSet.h */ = {isa = PBXFileReference; fileEncoding = 4; lastKnownFileType = sourcecode.c.h; path = FMResultSet.h; sourceTree = "<group>"; };
		3BC3DD501C813FF900B539F4 /* FMResultSet.m */ = {isa = PBXFileReference; fileEncoding = 4; lastKnownFileType = sourcecode.c.objc; path = FMResultSet.m; sourceTree = "<group>"; };
		3BC3DD521C813FF900B539F4 /* RNNFMDB.h */ = {isa = PBXFileReference; fileEncoding = 4; lastKnownFileType = sourcecode.c.h; path = RNNFMDB.h; sourceTree = "<group>"; };
		3BC3DD531C813FF900B539F4 /* RNNFMDB.m */ = {isa = PBXFileReference; fileEncoding = 4; lastKnownFileType = sourcecode.c.objc; path = RNNFMDB.m; sourceTree = "<group>"; };
		3BC3DD541C813FF900B539F4 /* RNNStructure.h */ = {isa = PBXFileReference; fileEncoding = 4; lastKnownFileType = sourcecode.c.h; path = RNNStructure.h; sourceTree = "<group>"; };
		3BC3DD551C813FF900B539F4 /* RNNStructure.m */ = {isa = PBXFileReference; fileEncoding = 4; lastKnownFileType = sourcecode.c.objc; path = RNNStructure.m; sourceTree = "<group>"; };
		3BC3DD561C813FF900B539F4 /* RNNTable.h */ = {isa = PBXFileReference; fileEncoding = 4; lastKnownFileType = sourcecode.c.h; path = RNNTable.h; sourceTree = "<group>"; };
		3BC3DD571C813FF900B539F4 /* RNNTable.m */ = {isa = PBXFileReference; fileEncoding = 4; lastKnownFileType = sourcecode.c.objc; path = RNNTable.m; sourceTree = "<group>"; };
		3BC3DD621C81410600B539F4 /* CarTable.h */ = {isa = PBXFileReference; fileEncoding = 4; lastKnownFileType = sourcecode.c.h; path = CarTable.h; sourceTree = "<group>"; };
		3BC3DD631C81410600B539F4 /* CarTable.m */ = {isa = PBXFileReference; fileEncoding = 4; lastKnownFileType = sourcecode.c.objc; path = CarTable.m; sourceTree = "<group>"; };
		3BC3DD651C8144B500B539F4 /* libsqlite3.0.tbd */ = {isa = PBXFileReference; lastKnownFileType = "sourcecode.text-based-dylib-definition"; name = libsqlite3.0.tbd; path = usr/lib/libsqlite3.0.tbd; sourceTree = SDKROOT; };
		3BC3DD671C81453E00B539F4 /* README_TW.md */ = {isa = PBXFileReference; fileEncoding = 4; lastKnownFileType = net.daringfireball.markdown; path = README_TW.md; sourceTree = "<group>"; };
		3BC3DD681C81453E00B539F4 /* README_ZH.md */ = {isa = PBXFileReference; fileEncoding = 4; lastKnownFileType = net.daringfireball.markdown; path = README_ZH.md; sourceTree = "<group>"; };
		3BC3DD691C81453E00B539F4 /* README.md */ = {isa = PBXFileReference; fileEncoding = 4; lastKnownFileType = net.daringfireball.markdown; path = README.md; sourceTree = "<group>"; };
		3BC3DD6D1C8146FD00B539F4 /* RNNFMDB.podspec */ = {isa = PBXFileReference; fileEncoding = 4; lastKnownFileType = text; path = RNNFMDB.podspec; sourceTree = "<group>"; };
/* End PBXFileReference section */

/* Begin PBXFrameworksBuildPhase section */
		3BC3DD0C1C813F5700B539F4 /* Frameworks */ = {
			isa = PBXFrameworksBuildPhase;
			buildActionMask = 2147483647;
			files = (
				3BC3DD661C8144B500B539F4 /* libsqlite3.0.tbd in Frameworks */,
			);
			runOnlyForDeploymentPostprocessing = 0;
		};
		3BC3DD251C813F5700B539F4 /* Frameworks */ = {
			isa = PBXFrameworksBuildPhase;
			buildActionMask = 2147483647;
			files = (
			);
			runOnlyForDeploymentPostprocessing = 0;
		};
		3BC3DD301C813F5700B539F4 /* Frameworks */ = {
			isa = PBXFrameworksBuildPhase;
			buildActionMask = 2147483647;
			files = (
			);
			runOnlyForDeploymentPostprocessing = 0;
		};
/* End PBXFrameworksBuildPhase section */

/* Begin PBXGroup section */
		3BC3DD061C813F5700B539F4 = {
			isa = PBXGroup;
			children = (
				3BC3DD6D1C8146FD00B539F4 /* RNNFMDB.podspec */,
				3BC3DD671C81453E00B539F4 /* README_TW.md */,
				3BC3DD681C81453E00B539F4 /* README_ZH.md */,
				3BC3DD691C81453E00B539F4 /* README.md */,
				3BC3DD651C8144B500B539F4 /* libsqlite3.0.tbd */,
				3BC3DD451C813FF900B539F4 /* FMDB */,
				3BC3DD511C813FF900B539F4 /* RNNFMDB */,
				3BC3DD111C813F5700B539F4 /* rnnfmdbdemo */,
				3BC3DD2B1C813F5700B539F4 /* rnnfmdbdemoTests */,
				3BC3DD361C813F5800B539F4 /* rnnfmdbdemoUITests */,
				3BC3DD101C813F5700B539F4 /* Products */,
			);
			sourceTree = "<group>";
		};
		3BC3DD101C813F5700B539F4 /* Products */ = {
			isa = PBXGroup;
			children = (
				3BC3DD0F1C813F5700B539F4 /* rnnfmdbdemo.app */,
				3BC3DD281C813F5700B539F4 /* rnnfmdbdemoTests.xctest */,
				3BC3DD331C813F5800B539F4 /* rnnfmdbdemoUITests.xctest */,
			);
			name = Products;
			sourceTree = "<group>";
		};
		3BC3DD111C813F5700B539F4 /* rnnfmdbdemo */ = {
			isa = PBXGroup;
			children = (
				3BC3DD151C813F5700B539F4 /* AppDelegate.h */,
				3BC3DD161C813F5700B539F4 /* AppDelegate.m */,
				3BC3DD181C813F5700B539F4 /* ViewController.h */,
				3BC3DD191C813F5700B539F4 /* ViewController.m */,
				3BC3DD1B1C813F5700B539F4 /* Main.storyboard */,
				3BC3DD1E1C813F5700B539F4 /* Assets.xcassets */,
				3BC3DD201C813F5700B539F4 /* LaunchScreen.storyboard */,
				3BC3DD231C813F5700B539F4 /* Info.plist */,
				3BC3DD121C813F5700B539F4 /* Supporting Files */,
				3BC3DD621C81410600B539F4 /* CarTable.h */,
				3BC3DD631C81410600B539F4 /* CarTable.m */,
			);
			path = rnnfmdbdemo;
			sourceTree = "<group>";
		};
		3BC3DD121C813F5700B539F4 /* Supporting Files */ = {
			isa = PBXGroup;
			children = (
				3BC3DD131C813F5700B539F4 /* main.m */,
			);
			name = "Supporting Files";
			sourceTree = "<group>";
		};
		3BC3DD2B1C813F5700B539F4 /* rnnfmdbdemoTests */ = {
			isa = PBXGroup;
			children = (
				3BC3DD2C1C813F5700B539F4 /* rnnfmdbdemoTests.m */,
				3BC3DD2E1C813F5700B539F4 /* Info.plist */,
			);
			path = rnnfmdbdemoTests;
			sourceTree = "<group>";
		};
		3BC3DD361C813F5800B539F4 /* rnnfmdbdemoUITests */ = {
			isa = PBXGroup;
			children = (
				3BC3DD371C813F5800B539F4 /* rnnfmdbdemoUITests.m */,
				3BC3DD391C813F5800B539F4 /* Info.plist */,
			);
			path = rnnfmdbdemoUITests;
			sourceTree = "<group>";
		};
		3BC3DD451C813FF900B539F4 /* FMDB */ = {
			isa = PBXGroup;
			children = (
				3BC3DD461C813FF900B539F4 /* FMDatabase.h */,
				3BC3DD471C813FF900B539F4 /* FMDatabase.m */,
				3BC3DD481C813FF900B539F4 /* FMDatabaseAdditions.h */,
				3BC3DD491C813FF900B539F4 /* FMDatabaseAdditions.m */,
				3BC3DD4A1C813FF900B539F4 /* FMDatabasePool.h */,
				3BC3DD4B1C813FF900B539F4 /* FMDatabasePool.m */,
				3BC3DD4C1C813FF900B539F4 /* FMDatabaseQueue.h */,
				3BC3DD4D1C813FF900B539F4 /* FMDatabaseQueue.m */,
				3BC3DD4E1C813FF900B539F4 /* FMDB.h */,
				3BC3DD4F1C813FF900B539F4 /* FMResultSet.h */,
				3BC3DD501C813FF900B539F4 /* FMResultSet.m */,
			);
			path = FMDB;
			sourceTree = "<group>";
		};
		3BC3DD511C813FF900B539F4 /* RNNFMDB */ = {
			isa = PBXGroup;
			children = (
				3BC3DD521C813FF900B539F4 /* RNNFMDB.h */,
				3BC3DD531C813FF900B539F4 /* RNNFMDB.m */,
				3BC3DD541C813FF900B539F4 /* RNNStructure.h */,
				3BC3DD551C813FF900B539F4 /* RNNStructure.m */,
				3BC3DD561C813FF900B539F4 /* RNNTable.h */,
				3BC3DD571C813FF900B539F4 /* RNNTable.m */,
			);
			path = RNNFMDB;
			sourceTree = "<group>";
		};
/* End PBXGroup section */

/* Begin PBXNativeTarget section */
		3BC3DD0E1C813F5700B539F4 /* rnnfmdbdemo */ = {
			isa = PBXNativeTarget;
			buildConfigurationList = 3BC3DD3C1C813F5800B539F4 /* Build configuration list for PBXNativeTarget "rnnfmdbdemo" */;
			buildPhases = (
				3BC3DD0B1C813F5700B539F4 /* Sources */,
				3BC3DD0C1C813F5700B539F4 /* Frameworks */,
				3BC3DD0D1C813F5700B539F4 /* Resources */,
			);
			buildRules = (
			);
			dependencies = (
			);
			name = rnnfmdbdemo;
			productName = rnnfmdbdemo;
			productReference = 3BC3DD0F1C813F5700B539F4 /* rnnfmdbdemo.app */;
			productType = "com.apple.product-type.application";
		};
		3BC3DD271C813F5700B539F4 /* rnnfmdbdemoTests */ = {
			isa = PBXNativeTarget;
			buildConfigurationList = 3BC3DD3F1C813F5800B539F4 /* Build configuration list for PBXNativeTarget "rnnfmdbdemoTests" */;
			buildPhases = (
				3BC3DD241C813F5700B539F4 /* Sources */,
				3BC3DD251C813F5700B539F4 /* Frameworks */,
				3BC3DD261C813F5700B539F4 /* Resources */,
			);
			buildRules = (
			);
			dependencies = (
				3BC3DD2A1C813F5700B539F4 /* PBXTargetDependency */,
			);
			name = rnnfmdbdemoTests;
			productName = rnnfmdbdemoTests;
			productReference = 3BC3DD281C813F5700B539F4 /* rnnfmdbdemoTests.xctest */;
			productType = "com.apple.product-type.bundle.unit-test";
		};
		3BC3DD321C813F5700B539F4 /* rnnfmdbdemoUITests */ = {
			isa = PBXNativeTarget;
			buildConfigurationList = 3BC3DD421C813F5800B539F4 /* Build configuration list for PBXNativeTarget "rnnfmdbdemoUITests" */;
			buildPhases = (
				3BC3DD2F1C813F5700B539F4 /* Sources */,
				3BC3DD301C813F5700B539F4 /* Frameworks */,
				3BC3DD311C813F5700B539F4 /* Resources */,
			);
			buildRules = (
			);
			dependencies = (
				3BC3DD351C813F5800B539F4 /* PBXTargetDependency */,
			);
			name = rnnfmdbdemoUITests;
			productName = rnnfmdbdemoUITests;
			productReference = 3BC3DD331C813F5800B539F4 /* rnnfmdbdemoUITests.xctest */;
			productType = "com.apple.product-type.bundle.ui-testing";
		};
/* End PBXNativeTarget section */

/* Begin PBXProject section */
		3BC3DD071C813F5700B539F4 /* Project object */ = {
			isa = PBXProject;
			attributes = {
				LastUpgradeCheck = 0710;
				ORGANIZATIONNAME = ningning;
				TargetAttributes = {
					3BC3DD0E1C813F5700B539F4 = {
						CreatedOnToolsVersion = 7.1.1;
					};
					3BC3DD271C813F5700B539F4 = {
						CreatedOnToolsVersion = 7.1.1;
						TestTargetID = 3BC3DD0E1C813F5700B539F4;
					};
					3BC3DD321C813F5700B539F4 = {
						CreatedOnToolsVersion = 7.1.1;
						TestTargetID = 3BC3DD0E1C813F5700B539F4;
					};
				};
			};
			buildConfigurationList = 3BC3DD0A1C813F5700B539F4 /* Build configuration list for PBXProject "rnnfmdbdemo" */;
			compatibilityVersion = "Xcode 3.2";
			developmentRegion = English;
			hasScannedForEncodings = 0;
			knownRegions = (
				en,
				Base,
			);
			mainGroup = 3BC3DD061C813F5700B539F4;
			productRefGroup = 3BC3DD101C813F5700B539F4 /* Products */;
			projectDirPath = "";
			projectRoot = "";
			targets = (
				3BC3DD0E1C813F5700B539F4 /* rnnfmdbdemo */,
				3BC3DD271C813F5700B539F4 /* rnnfmdbdemoTests */,
				3BC3DD321C813F5700B539F4 /* rnnfmdbdemoUITests */,
			);
		};
/* End PBXProject section */

/* Begin PBXResourcesBuildPhase section */
		3BC3DD0D1C813F5700B539F4 /* Resources */ = {
			isa = PBXResourcesBuildPhase;
			buildActionMask = 2147483647;
			files = (
				3BC3DD221C813F5700B539F4 /* LaunchScreen.storyboard in Resources */,
				3BC3DD1F1C813F5700B539F4 /* Assets.xcassets in Resources */,
				3BC3DD6E1C8146FD00B539F4 /* RNNFMDB.podspec in Resources */,
				3BC3DD1D1C813F5700B539F4 /* Main.storyboard in Resources */,
			);
			runOnlyForDeploymentPostprocessing = 0;
		};
		3BC3DD261C813F5700B539F4 /* Resources */ = {
			isa = PBXResourcesBuildPhase;
			buildActionMask = 2147483647;
			files = (
			);
			runOnlyForDeploymentPostprocessing = 0;
		};
		3BC3DD311C813F5700B539F4 /* Resources */ = {
			isa = PBXResourcesBuildPhase;
			buildActionMask = 2147483647;
			files = (
			);
			runOnlyForDeploymentPostprocessing = 0;
		};
/* End PBXResourcesBuildPhase section */

/* Begin PBXSourcesBuildPhase section */
		3BC3DD0B1C813F5700B539F4 /* Sources */ = {
			isa = PBXSourcesBuildPhase;
			buildActionMask = 2147483647;
			files = (
				3BC3DD1A1C813F5700B539F4 /* ViewController.m in Sources */,
				3BC3DD5A1C813FF900B539F4 /* FMDatabasePool.m in Sources */,
				3BC3DD5E1C813FF900B539F4 /* RNNStructure.m in Sources */,
				3BC3DD171C813F5700B539F4 /* AppDelegate.m in Sources */,
				3BC3DD5F1C813FF900B539F4 /* RNNTable.m in Sources */,
				3BC3DD5B1C813FF900B539F4 /* FMDatabaseQueue.m in Sources */,
				3BC3DD141C813F5700B539F4 /* main.m in Sources */,
				3BC3DD641C81410600B539F4 /* CarTable.m in Sources */,
				3BC3DD581C813FF900B539F4 /* FMDatabase.m in Sources */,
				3BC3DD5C1C813FF900B539F4 /* FMResultSet.m in Sources */,
				3BC3DD591C813FF900B539F4 /* FMDatabaseAdditions.m in Sources */,
				3BC3DD6A1C81453E00B539F4 /* README_TW.md in Sources */,
				3BC3DD6C1C81453E00B539F4 /* README.md in Sources */,
				3BC3DD6B1C81453E00B539F4 /* README_ZH.md in Sources */,
				3BC3DD5D1C813FF900B539F4 /* RNNFMDB.m in Sources */,
			);
			runOnlyForDeploymentPostprocessing = 0;
		};
		3BC3DD241C813F5700B539F4 /* Sources */ = {
			isa = PBXSourcesBuildPhase;
			buildActionMask = 2147483647;
			files = (
				3BC3DD2D1C813F5700B539F4 /* rnnfmdbdemoTests.m in Sources */,
			);
			runOnlyForDeploymentPostprocessing = 0;
		};
		3BC3DD2F1C813F5700B539F4 /* Sources */ = {
			isa = PBXSourcesBuildPhase;
			buildActionMask = 2147483647;
			files = (
				3BC3DD381C813F5800B539F4 /* rnnfmdbdemoUITests.m in Sources */,
			);
			runOnlyForDeploymentPostprocessing = 0;
		};
/* End PBXSourcesBuildPhase section */

/* Begin PBXTargetDependency section */
		3BC3DD2A1C813F5700B539F4 /* PBXTargetDependency */ = {
			isa = PBXTargetDependency;
			target = 3BC3DD0E1C813F5700B539F4 /* rnnfmdbdemo */;
			targetProxy = 3BC3DD291C813F5700B539F4 /* PBXContainerItemProxy */;
		};
		3BC3DD351C813F5800B539F4 /* PBXTargetDependency */ = {
			isa = PBXTargetDependency;
			target = 3BC3DD0E1C813F5700B539F4 /* rnnfmdbdemo */;
			targetProxy = 3BC3DD341C813F5800B539F4 /* PBXContainerItemProxy */;
		};
/* End PBXTargetDependency section */

/* Begin PBXVariantGroup section */
		3BC3DD1B1C813F5700B539F4 /* Main.storyboard */ = {
			isa = PBXVariantGroup;
			children = (
				3BC3DD1C1C813F5700B539F4 /* Base */,
			);
			name = Main.storyboard;
			sourceTree = "<group>";
		};
		3BC3DD201C813F5700B539F4 /* LaunchScreen.storyboard */ = {
			isa = PBXVariantGroup;
			children = (
				3BC3DD211C813F5700B539F4 /* Base */,
			);
			name = LaunchScreen.storyboard;
			sourceTree = "<group>";
		};
/* End PBXVariantGroup section */

/* Begin XCBuildConfiguration section */
		3BC3DD3A1C813F5800B539F4 /* Debug */ = {
			isa = XCBuildConfiguration;
			buildSettings = {
				ALWAYS_SEARCH_USER_PATHS = NO;
				CLANG_CXX_LANGUAGE_STANDARD = "gnu++0x";
				CLANG_CXX_LIBRARY = "libc++";
				CLANG_ENABLE_MODULES = YES;
				CLANG_ENABLE_OBJC_ARC = YES;
				CLANG_WARN_BOOL_CONVERSION = YES;
				CLANG_WARN_CONSTANT_CONVERSION = YES;
				CLANG_WARN_DIRECT_OBJC_ISA_USAGE = YES_ERROR;
				CLANG_WARN_EMPTY_BODY = YES;
				CLANG_WARN_ENUM_CONVERSION = YES;
				CLANG_WARN_INT_CONVERSION = YES;
				CLANG_WARN_OBJC_ROOT_CLASS = YES_ERROR;
				CLANG_WARN_UNREACHABLE_CODE = YES;
				CLANG_WARN__DUPLICATE_METHOD_MATCH = YES;
				"CODE_SIGN_IDENTITY[sdk=iphoneos*]" = "iPhone Developer";
				COPY_PHASE_STRIP = NO;
				DEBUG_INFORMATION_FORMAT = dwarf;
				ENABLE_STRICT_OBJC_MSGSEND = YES;
				ENABLE_TESTABILITY = YES;
				GCC_C_LANGUAGE_STANDARD = gnu99;
				GCC_DYNAMIC_NO_PIC = NO;
				GCC_NO_COMMON_BLOCKS = YES;
				GCC_OPTIMIZATION_LEVEL = 0;
				GCC_PREPROCESSOR_DEFINITIONS = (
					"DEBUG=1",
					"$(inherited)",
				);
				GCC_WARN_64_TO_32_BIT_CONVERSION = YES;
				GCC_WARN_ABOUT_RETURN_TYPE = YES_ERROR;
				GCC_WARN_UNDECLARED_SELECTOR = YES;
				GCC_WARN_UNINITIALIZED_AUTOS = YES_AGGRESSIVE;
				GCC_WARN_UNUSED_FUNCTION = YES;
				GCC_WARN_UNUSED_VARIABLE = YES;
				IPHONEOS_DEPLOYMENT_TARGET = 9.1;
				MTL_ENABLE_DEBUG_INFO = YES;
				ONLY_ACTIVE_ARCH = YES;
				SDKROOT = iphoneos;
			};
			name = Debug;
		};
		3BC3DD3B1C813F5800B539F4 /* Release */ = {
			isa = XCBuildConfiguration;
			buildSettings = {
				ALWAYS_SEARCH_USER_PATHS = NO;
				CLANG_CXX_LANGUAGE_STANDARD = "gnu++0x";
				CLANG_CXX_LIBRARY = "libc++";
				CLANG_ENABLE_MODULES = YES;
				CLANG_ENABLE_OBJC_ARC = YES;
				CLANG_WARN_BOOL_CONVERSION = YES;
				CLANG_WARN_CONSTANT_CONVERSION = YES;
				CLANG_WARN_DIRECT_OBJC_ISA_USAGE = YES_ERROR;
				CLANG_WARN_EMPTY_BODY = YES;
				CLANG_WARN_ENUM_CONVERSION = YES;
				CLANG_WARN_INT_CONVERSION = YES;
				CLANG_WARN_OBJC_ROOT_CLASS = YES_ERROR;
				CLANG_WARN_UNREACHABLE_CODE = YES;
				CLANG_WARN__DUPLICATE_METHOD_MATCH = YES;
				"CODE_SIGN_IDENTITY[sdk=iphoneos*]" = "iPhone Developer";
				COPY_PHASE_STRIP = NO;
				DEBUG_INFORMATION_FORMAT = "dwarf-with-dsym";
				ENABLE_NS_ASSERTIONS = NO;
				ENABLE_STRICT_OBJC_MSGSEND = YES;
				GCC_C_LANGUAGE_STANDARD = gnu99;
				GCC_NO_COMMON_BLOCKS = YES;
				GCC_WARN_64_TO_32_BIT_CONVERSION = YES;
				GCC_WARN_ABOUT_RETURN_TYPE = YES_ERROR;
				GCC_WARN_UNDECLARED_SELECTOR = YES;
				GCC_WARN_UNINITIALIZED_AUTOS = YES_AGGRESSIVE;
				GCC_WARN_UNUSED_FUNCTION = YES;
				GCC_WARN_UNUSED_VARIABLE = YES;
				IPHONEOS_DEPLOYMENT_TARGET = 9.1;
				MTL_ENABLE_DEBUG_INFO = NO;
				SDKROOT = iphoneos;
				VALIDATE_PRODUCT = YES;
			};
			name = Release;
		};
		3BC3DD3D1C813F5800B539F4 /* Debug */ = {
			isa = XCBuildConfiguration;
			buildSettings = {
				ASSETCATALOG_COMPILER_APPICON_NAME = AppIcon;
				INFOPLIST_FILE = rnnfmdbdemo/Info.plist;
				LD_RUNPATH_SEARCH_PATHS = "$(inherited) @executable_path/Frameworks";
				LIBRARY_SEARCH_PATHS = (
					"$(inherited)",
					"$(PROJECT_DIR)",
				);
				PRODUCT_BUNDLE_IDENTIFIER = cn.velda.rnnfmdbdemo;
				PRODUCT_NAME = "$(TARGET_NAME)";
			};
			name = Debug;
		};
		3BC3DD3E1C813F5800B539F4 /* Release */ = {
			isa = XCBuildConfiguration;
			buildSettings = {
				ASSETCATALOG_COMPILER_APPICON_NAME = AppIcon;
				INFOPLIST_FILE = rnnfmdbdemo/Info.plist;
				LD_RUNPATH_SEARCH_PATHS = "$(inherited) @executable_path/Frameworks";
				LIBRARY_SEARCH_PATHS = (
					"$(inherited)",
					"$(PROJECT_DIR)",
				);
				PRODUCT_BUNDLE_IDENTIFIER = cn.velda.rnnfmdbdemo;
				PRODUCT_NAME = "$(TARGET_NAME)";
			};
			name = Release;
		};
		3BC3DD401C813F5800B539F4 /* Debug */ = {
			isa = XCBuildConfiguration;
			buildSettings = {
				BUNDLE_LOADER = "$(TEST_HOST)";
				INFOPLIST_FILE = rnnfmdbdemoTests/Info.plist;
				LD_RUNPATH_SEARCH_PATHS = "$(inherited) @executable_path/Frameworks @loader_path/Frameworks";
				PRODUCT_BUNDLE_IDENTIFIER = cn.velda.rnnfmdbdemoTests;
				PRODUCT_NAME = "$(TARGET_NAME)";
				TEST_HOST = "$(BUILT_PRODUCTS_DIR)/rnnfmdbdemo.app/rnnfmdbdemo";
			};
			name = Debug;
		};
		3BC3DD411C813F5800B539F4 /* Release */ = {
			isa = XCBuildConfiguration;
			buildSettings = {
				BUNDLE_LOADER = "$(TEST_HOST)";
				INFOPLIST_FILE = rnnfmdbdemoTests/Info.plist;
				LD_RUNPATH_SEARCH_PATHS = "$(inherited) @executable_path/Frameworks @loader_path/Frameworks";
				PRODUCT_BUNDLE_IDENTIFIER = cn.velda.rnnfmdbdemoTests;
				PRODUCT_NAME = "$(TARGET_NAME)";
				TEST_HOST = "$(BUILT_PRODUCTS_DIR)/rnnfmdbdemo.app/rnnfmdbdemo";
			};
			name = Release;
		};
		3BC3DD431C813F5800B539F4 /* Debug */ = {
			isa = XCBuildConfiguration;
			buildSettings = {
				INFOPLIST_FILE = rnnfmdbdemoUITests/Info.plist;
				LD_RUNPATH_SEARCH_PATHS = "$(inherited) @executable_path/Frameworks @loader_path/Frameworks";
				PRODUCT_BUNDLE_IDENTIFIER = cn.velda.rnnfmdbdemoUITests;
				PRODUCT_NAME = "$(TARGET_NAME)";
				TEST_TARGET_NAME = rnnfmdbdemo;
				USES_XCTRUNNER = YES;
			};
			name = Debug;
		};
		3BC3DD441C813F5800B539F4 /* Release */ = {
			isa = XCBuildConfiguration;
			buildSettings = {
				INFOPLIST_FILE = rnnfmdbdemoUITests/Info.plist;
				LD_RUNPATH_SEARCH_PATHS = "$(inherited) @executable_path/Frameworks @loader_path/Frameworks";
				PRODUCT_BUNDLE_IDENTIFIER = cn.velda.rnnfmdbdemoUITests;
				PRODUCT_NAME = "$(TARGET_NAME)";
				TEST_TARGET_NAME = rnnfmdbdemo;
				USES_XCTRUNNER = YES;
			};
			name = Release;
		};
/* End XCBuildConfiguration section */

/* Begin XCConfigurationList section */
		3BC3DD0A1C813F5700B539F4 /* Build configuration list for PBXProject "rnnfmdbdemo" */ = {
			isa = XCConfigurationList;
			buildConfigurations = (
				3BC3DD3A1C813F5800B539F4 /* Debug */,
				3BC3DD3B1C813F5800B539F4 /* Release */,
			);
			defaultConfigurationIsVisible = 0;
			defaultConfigurationName = Release;
		};
		3BC3DD3C1C813F5800B539F4 /* Build configuration list for PBXNativeTarget "rnnfmdbdemo" */ = {
			isa = XCConfigurationList;
			buildConfigurations = (
				3BC3DD3D1C813F5800B539F4 /* Debug */,
				3BC3DD3E1C813F5800B539F4 /* Release */,
			);
			defaultConfigurationIsVisible = 0;
		};
		3BC3DD3F1C813F5800B539F4 /* Build configuration list for PBXNativeTarget "rnnfmdbdemoTests" */ = {
			isa = XCConfigurationList;
			buildConfigurations = (
				3BC3DD401C813F5800B539F4 /* Debug */,
				3BC3DD411C813F5800B539F4 /* Release */,
			);
			defaultConfigurationIsVisible = 0;
		};
		3BC3DD421C813F5800B539F4 /* Build configuration list for PBXNativeTarget "rnnfmdbdemoUITests" */ = {
			isa = XCConfigurationList;
			buildConfigurations = (
				3BC3DD431C813F5800B539F4 /* Debug */,
				3BC3DD441C813F5800B539F4 /* Release */,
			);
			defaultConfigurationIsVisible = 0;
		};
/* End XCConfigurationList section */
	};
	rootObject = 3BC3DD071C813F5700B539F4 /* Project object */;
}
